
Microsoft Visual Studio Solution File, Format Version 12.00
# Visual Studio Version 17
VisualStudioVersion = 17.14.36203.30 d17.14
MinimumVisualStudioVersion = 10.0.40219.1
Project("{FAE04EC0-301F-11D3-BF4B-00C04F79EFBC}") = "MovieBooking_API", "MovieBooking_API\MovieBooking_API.csproj", "{5E7BD8C0-D2E0-4864-B7B0-239DAC345EE5}"
EndProject
Global
	GlobalSection(SolutionConfigurationPlatforms) = preSolution
		Debug|Any CPU = Debug|Any CPU
		Release|Any CPU = Release|Any CPU
	EndGlobalSection
	GlobalSection(ProjectConfigurationPlatforms) = postSolution
		{5E7BD8C0-D2E0-4864-B7B0-239DAC345EE5}.Debug|Any CPU.ActiveCfg = Debug|Any CPU
		{5E7BD8C0-D2E0-4864-B7B0-239DAC345EE5}.Debug|Any CPU.Build.0 = Debug|Any CPU
		{5E7BD8C0-D2E0-4864-B7B0-239DAC345EE5}.Release|Any CPU.ActiveCfg = Release|Any CPU
		{5E7BD8C0-D2E0-4864-B7B0-239DAC345EE5}.Release|Any CPU.Build.0 = Release|Any CPU
	EndGlobalSection
	GlobalSection(SolutionProperties) = preSolution
		HideSolutionNode = FALSE
	EndGlobalSection
	GlobalSection(ExtensibilityGlobals) = postSolution
		SolutionGuid = {D959E454-54D4-46C1-811C-66F2AECA89CA}
	EndGlobalSection
EndGlobal
